
Microsoft Visual Studio Solution File, Format Version 12.00
# Visual Studio Version 17
VisualStudioVersion = 17.0.31903.59
MinimumVisualStudioVersion = 10.0.40219.1
Project("{FAE04EC0-301F-11D3-BF4B-00C04F79EFBC}") = "BiotechnologyAutoAnimalPatch", "BiotechnologyAutoAnimalPatch\BiotechnologyAutoAnimalPatch.csproj", "{73BEB571-EC45-4EAF-B90E-286C616FDEEF}"
EndProject
Global
	GlobalSection(SolutionConfigurationPlatforms) = preSolution
		Debug|Any CPU = Debug|Any CPU
		Release|Any CPU = Release|Any CPU
	EndGlobalSection
	GlobalSection(ProjectConfigurationPlatforms) = postSolution
		{73BEB571-EC45-4EAF-B90E-286C616FDEEF}.Debug|Any CPU.ActiveCfg = Debug|Any CPU
		{73BEB571-EC45-4EAF-B90E-286C616FDEEF}.Debug|Any CPU.Build.0 = Debug|Any CPU
		{73BEB571-EC45-4EAF-B90E-286C616FDEEF}.Release|Any CPU.ActiveCfg = Release|Any CPU
		{73BEB571-EC45-4EAF-B90E-286C616FDEEF}.Release|Any CPU.Build.0 = Release|Any CPU
	EndGlobalSection
	GlobalSection(SolutionProperties) = preSolution
		HideSolutionNode = FALSE
	EndGlobalSection
	GlobalSection(ExtensibilityGlobals) = postSolution
		SolutionGuid = {B9C08B47-E27C-4BEF-9F72-DCCE80224522}
	EndGlobalSection
EndGlobal
